
Microsoft Visual Studio Solution File, Format Version 12.00
# Visual Studio Version 16
VisualStudioVersion = 16.0.29306.81
MinimumVisualStudioVersion = 10.0.40219.1
Project("{9A19103F-16F7-4668-BE54-9A1E7A4F7556}") = "MarsRover", "MarsRover\MarsRover.csproj", "{F1551AB0-0E36-4B36-9819-7D473D7A3819}"
EndProject
Project("{9A19103F-16F7-4668-BE54-9A1E7A4F7556}") = "MarsRover.Test", "MarsRover.Test\MarsRover.Test.csproj", "{60E01E49-9EFD-48AA-A9E1-01AEAD87F489}"
EndProject
Global
	GlobalSection(SolutionConfigurationPlatforms) = preSolution
		Debug|Any CPU = Debug|Any CPU
		Release|Any CPU = Release|Any CPU
	EndGlobalSection
	GlobalSection(ProjectConfigurationPlatforms) = postSolution
		{F1551AB0-0E36-4B36-9819-7D473D7A3819}.Debug|Any CPU.ActiveCfg = Debug|Any CPU
		{F1551AB0-0E36-4B36-9819-7D473D7A3819}.Debug|Any CPU.Build.0 = Debug|Any CPU
		{F1551AB0-0E36-4B36-9819-7D473D7A3819}.Release|Any CPU.ActiveCfg = Release|Any CPU
		{F1551AB0-0E36-4B36-9819-7D473D7A3819}.Release|Any CPU.Build.0 = Release|Any CPU
		{60E01E49-9EFD-48AA-A9E1-01AEAD87F489}.Debug|Any CPU.ActiveCfg = Debug|Any CPU
		{60E01E49-9EFD-48AA-A9E1-01AEAD87F489}.Debug|Any CPU.Build.0 = Debug|Any CPU
		{60E01E49-9EFD-48AA-A9E1-01AEAD87F489}.Release|Any CPU.ActiveCfg = Release|Any CPU
		{60E01E49-9EFD-48AA-A9E1-01AEAD87F489}.Release|Any CPU.Build.0 = Release|Any CPU
	EndGlobalSection
	GlobalSection(SolutionProperties) = preSolution
		HideSolutionNode = FALSE
	EndGlobalSection
	GlobalSection(ExtensibilityGlobals) = postSolution
		SolutionGuid = {BE0BFA12-C0E3-47AD-A2D8-58A53A380A1D}
	EndGlobalSection
EndGlobal
